
Microsoft Visual Studio Solution File, Format Version 12.00
# Visual Studio Version 17
VisualStudioVersion = 17.2.32602.215
MinimumVisualStudioVersion = 10.0.40219.1
Project("{FAE04EC0-301F-11D3-BF4B-00C04F79EFBC}") = "BlazorBlog", "BlazorBlog\BlazorBlog.csproj", "{6CEB8970-8F94-4251-9A38-E5BF8920A6AE}"
EndProject
Global
	GlobalSection(SolutionConfigurationPlatforms) = preSolution
		Debug|Any CPU = Debug|Any CPU
		Release|Any CPU = Release|Any CPU
	EndGlobalSection
	GlobalSection(ProjectConfigurationPlatforms) = postSolution
		{6CEB8970-8F94-4251-9A38-E5BF8920A6AE}.Debug|Any CPU.ActiveCfg = Debug|Any CPU
		{6CEB8970-8F94-4251-9A38-E5BF8920A6AE}.Debug|Any CPU.Build.0 = Debug|Any CPU
		{6CEB8970-8F94-4251-9A38-E5BF8920A6AE}.Release|Any CPU.ActiveCfg = Release|Any CPU
		{6CEB8970-8F94-4251-9A38-E5BF8920A6AE}.Release|Any CPU.Build.0 = Release|Any CPU
	EndGlobalSection
	GlobalSection(SolutionProperties) = preSolution
		HideSolutionNode = FALSE
	EndGlobalSection
	GlobalSection(ExtensibilityGlobals) = postSolution
		SolutionGuid = {2D76C7A3-6451-4209-BBB1-C3117E7C8B75}
	EndGlobalSection
EndGlobal
